
Microsoft Visual Studio Solution File, Format Version 12.00
# Visual Studio 15
VisualStudioVersion = 15.0.26124.0
MinimumVisualStudioVersion = 15.0.26124.0
Project("{FAE04EC0-301F-11D3-BF4B-00C04F79EFBC}") = "ApiTaxa.Domain", "ApiTaxa.Domain\ApiTaxa.Domain.csproj", "{ED8225FD-E322-420B-B6C1-5D187C72AB84}"
EndProject
Project("{FAE04EC0-301F-11D3-BF4B-00C04F79EFBC}") = "ApiTaxa.Shared", "ApiTaxa.Shared\ApiTaxa.Shared.csproj", "{1945A292-5C94-4CC7-8CA6-50327047857D}"
EndProject
Project("{FAE04EC0-301F-11D3-BF4B-00C04F79EFBC}") = "ApiTaxa.Tests", "ApiTaxa.Tests\ApiTaxa.Tests.csproj", "{E461DD7F-0C81-453F-82F5-26A73453DC24}"
EndProject
Project("{FAE04EC0-301F-11D3-BF4B-00C04F79EFBC}") = "ApiTaxa.Infrastructure", "ApiTaxa.Infrastructure\ApiTaxa.Infrastructure.csproj", "{6CD73C60-0115-434E-8C3C-930F12A1B697}"
EndProject
Project("{FAE04EC0-301F-11D3-BF4B-00C04F79EFBC}") = "ApiTaxa.Presentation", "ApiTaxa.Presentation\ApiTaxa.Presentation.csproj", "{F295B32B-25AC-4E8F-8322-EE156BBAA751}"
EndProject
Global
	GlobalSection(SolutionConfigurationPlatforms) = preSolution
		Debug|Any CPU = Debug|Any CPU
		Debug|x64 = Debug|x64
		Debug|x86 = Debug|x86
		Release|Any CPU = Release|Any CPU
		Release|x64 = Release|x64
		Release|x86 = Release|x86
	EndGlobalSection
	GlobalSection(SolutionProperties) = preSolution
		HideSolutionNode = FALSE
	EndGlobalSection
	GlobalSection(ProjectConfigurationPlatforms) = postSolution
		{ED8225FD-E322-420B-B6C1-5D187C72AB84}.Debug|Any CPU.ActiveCfg = Debug|Any CPU
		{ED8225FD-E322-420B-B6C1-5D187C72AB84}.Debug|Any CPU.Build.0 = Debug|Any CPU
		{ED8225FD-E322-420B-B6C1-5D187C72AB84}.Debug|x64.ActiveCfg = Debug|Any CPU
		{ED8225FD-E322-420B-B6C1-5D187C72AB84}.Debug|x64.Build.0 = Debug|Any CPU
		{ED8225FD-E322-420B-B6C1-5D187C72AB84}.Debug|x86.ActiveCfg = Debug|Any CPU
		{ED8225FD-E322-420B-B6C1-5D187C72AB84}.Debug|x86.Build.0 = Debug|Any CPU
		{ED8225FD-E322-420B-B6C1-5D187C72AB84}.Release|Any CPU.ActiveCfg = Release|Any CPU
		{ED8225FD-E322-420B-B6C1-5D187C72AB84}.Release|Any CPU.Build.0 = Release|Any CPU
		{ED8225FD-E322-420B-B6C1-5D187C72AB84}.Release|x64.ActiveCfg = Release|Any CPU
		{ED8225FD-E322-420B-B6C1-5D187C72AB84}.Release|x64.Build.0 = Release|Any CPU
		{ED8225FD-E322-420B-B6C1-5D187C72AB84}.Release|x86.ActiveCfg = Release|Any CPU
		{ED8225FD-E322-420B-B6C1-5D187C72AB84}.Release|x86.Build.0 = Release|Any CPU
		{1945A292-5C94-4CC7-8CA6-50327047857D}.Debug|Any CPU.ActiveCfg = Debug|Any CPU
		{1945A292-5C94-4CC7-8CA6-50327047857D}.Debug|Any CPU.Build.0 = Debug|Any CPU
		{1945A292-5C94-4CC7-8CA6-50327047857D}.Debug|x64.ActiveCfg = Debug|Any CPU
		{1945A292-5C94-4CC7-8CA6-50327047857D}.Debug|x64.Build.0 = Debug|Any CPU
		{1945A292-5C94-4CC7-8CA6-50327047857D}.Debug|x86.ActiveCfg = Debug|Any CPU
		{1945A292-5C94-4CC7-8CA6-50327047857D}.Debug|x86.Build.0 = Debug|Any CPU
		{1945A292-5C94-4CC7-8CA6-50327047857D}.Release|Any CPU.ActiveCfg = Release|Any CPU
		{1945A292-5C94-4CC7-8CA6-50327047857D}.Release|Any CPU.Build.0 = Release|Any CPU
		{1945A292-5C94-4CC7-8CA6-50327047857D}.Release|x64.ActiveCfg = Release|Any CPU
		{1945A292-5C94-4CC7-8CA6-50327047857D}.Release|x64.Build.0 = Release|Any CPU
		{1945A292-5C94-4CC7-8CA6-50327047857D}.Release|x86.ActiveCfg = Release|Any CPU
		{1945A292-5C94-4CC7-8CA6-50327047857D}.Release|x86.Build.0 = Release|Any CPU
		{E461DD7F-0C81-453F-82F5-26A73453DC24}.Debug|Any CPU.ActiveCfg = Debug|Any CPU
		{E461DD7F-0C81-453F-82F5-26A73453DC24}.Debug|Any CPU.Build.0 = Debug|Any CPU
		{E461DD7F-0C81-453F-82F5-26A73453DC24}.Debug|x64.ActiveCfg = Debug|Any CPU
		{E461DD7F-0C81-453F-82F5-26A73453DC24}.Debug|x64.Build.0 = Debug|Any CPU
		{E461DD7F-0C81-453F-82F5-26A73453DC24}.Debug|x86.ActiveCfg = Debug|Any CPU
		{E461DD7F-0C81-453F-82F5-26A73453DC24}.Debug|x86.Build.0 = Debug|Any CPU
		{E461DD7F-0C81-453F-82F5-26A73453DC24}.Release|Any CPU.ActiveCfg = Release|Any CPU
		{E461DD7F-0C81-453F-82F5-26A73453DC24}.Release|Any CPU.Build.0 = Release|Any CPU
		{E461DD7F-0C81-453F-82F5-26A73453DC24}.Release|x64.ActiveCfg = Release|Any CPU
		{E461DD7F-0C81-453F-82F5-26A73453DC24}.Release|x64.Build.0 = Release|Any CPU
		{E461DD7F-0C81-453F-82F5-26A73453DC24}.Release|x86.ActiveCfg = Release|Any CPU
		{E461DD7F-0C81-453F-82F5-26A73453DC24}.Release|x86.Build.0 = Release|Any CPU
		{6CD73C60-0115-434E-8C3C-930F12A1B697}.Debug|Any CPU.ActiveCfg = Debug|Any CPU
		{6CD73C60-0115-434E-8C3C-930F12A1B697}.Debug|Any CPU.Build.0 = Debug|Any CPU
		{6CD73C60-0115-434E-8C3C-930F12A1B697}.Debug|x64.ActiveCfg = Debug|Any CPU
		{6CD73C60-0115-434E-8C3C-930F12A1B697}.Debug|x64.Build.0 = Debug|Any CPU
		{6CD73C60-0115-434E-8C3C-930F12A1B697}.Debug|x86.ActiveCfg = Debug|Any CPU
		{6CD73C60-0115-434E-8C3C-930F12A1B697}.Debug|x86.Build.0 = Debug|Any CPU
		{6CD73C60-0115-434E-8C3C-930F12A1B697}.Release|Any CPU.ActiveCfg = Release|Any CPU
		{6CD73C60-0115-434E-8C3C-930F12A1B697}.Release|Any CPU.Build.0 = Release|Any CPU
		{6CD73C60-0115-434E-8C3C-930F12A1B697}.Release|x64.ActiveCfg = Release|Any CPU
		{6CD73C60-0115-434E-8C3C-930F12A1B697}.Release|x64.Build.0 = Release|Any CPU
		{6CD73C60-0115-434E-8C3C-930F12A1B697}.Release|x86.ActiveCfg = Release|Any CPU
		{6CD73C60-0115-434E-8C3C-930F12A1B697}.Release|x86.Build.0 = Release|Any CPU
		{F295B32B-25AC-4E8F-8322-EE156BBAA751}.Debug|Any CPU.ActiveCfg = Debug|Any CPU
		{F295B32B-25AC-4E8F-8322-EE156BBAA751}.Debug|Any CPU.Build.0 = Debug|Any CPU
		{F295B32B-25AC-4E8F-8322-EE156BBAA751}.Debug|x64.ActiveCfg = Debug|Any CPU
		{F295B32B-25AC-4E8F-8322-EE156BBAA751}.Debug|x64.Build.0 = Debug|Any CPU
		{F295B32B-25AC-4E8F-8322-EE156BBAA751}.Debug|x86.ActiveCfg = Debug|Any CPU
		{F295B32B-25AC-4E8F-8322-EE156BBAA751}.Debug|x86.Build.0 = Debug|Any CPU
		{F295B32B-25AC-4E8F-8322-EE156BBAA751}.Release|Any CPU.ActiveCfg = Release|Any CPU
		{F295B32B-25AC-4E8F-8322-EE156BBAA751}.Release|Any CPU.Build.0 = Release|Any CPU
		{F295B32B-25AC-4E8F-8322-EE156BBAA751}.Release|x64.ActiveCfg = Release|Any CPU
		{F295B32B-25AC-4E8F-8322-EE156BBAA751}.Release|x64.Build.0 = Release|Any CPU
		{F295B32B-25AC-4E8F-8322-EE156BBAA751}.Release|x86.ActiveCfg = Release|Any CPU
		{F295B32B-25AC-4E8F-8322-EE156BBAA751}.Release|x86.Build.0 = Release|Any CPU
	EndGlobalSection
EndGlobal
